Microsoft Visual Studio Solution File, Format Version 12.00
# Visual Studio 14
VisualStudioVersion = 14.0.24720.0
MinimumVisualStudioVersion = 10.0.40219.1
Project("{FAE04EC0-301F-11D3-BF4B-00C04F79EFBC}") = "Crytex.Web", "Crytex.Web\Crytex.Web.csproj", "{18B19F4A-6FEE-4C6D-A819-8308049853EF}"
EndProject
Project("{FAE04EC0-301F-11D3-BF4B-00C04F79EFBC}") = "Crytex.Core", "Crytex.Core\Crytex.Core.csproj", "{0B23B88C-B5FC-42F6-AC62-27725F34487B}"
EndProject
Project("{FAE04EC0-301F-11D3-BF4B-00C04F79EFBC}") = "Crytex.Data", "Crytex.Data\Crytex.Data.csproj", "{4CAB19D5-AA00-43E1-9450-15F3B8D72AB2}"
EndProject
Project("{FAE04EC0-301F-11D3-BF4B-00C04F79EFBC}") = "Crytex.Model", "Crytex.Model\Crytex.Model.csproj", "{B9447B72-1742-4AD8-8935-B06A3AE26037}"
EndProject
Project("{FAE04EC0-301F-11D3-BF4B-00C04F79EFBC}") = "Crytex.Service", "Crytex.Service\Crytex.Service.csproj", "{FC3571DB-2D14-4280-8F07-31599F2A7D5B}"
EndProject
Project("{FAE04EC0-301F-11D3-BF4B-00C04F79EFBC}") = "Crytex.Test", "Crytex.Test\Crytex.Test.csproj", "{AA1D53C6-5F8B-4A75-ABF3-E72DD053AC7F}"
EndProject
Project("{FAE04EC0-301F-11D3-BF4B-00C04F79EFBC}") = "Crytex.Client", "Crytex.Client\Crytex.Client.csproj", "{09C73CB9-A4C8-4CA2-AAE7-09E485D6C79A}"
EndProject
Project("{FAE04EC0-301F-11D3-BF4B-00C04F79EFBC}") = "Crytex.Admin", "Crytex.Admin\Crytex.Admin.csproj", "{A1C6881C-00F5-42A9-9D1D-11AF53807AD4}"
EndProject
Project("{FAE04EC0-301F-11D3-BF4B-00C04F79EFBC}") = "Crytex.Background", "Crytex.Background\Crytex.Background.csproj", "{D58A219A-0A73-447F-99F2-204AD8A5019B}"
EndProject
Project("{FAE04EC0-301F-11D3-BF4B-00C04F79EFBC}") = "Crytex.ExecutorTask", "Crytex.ExecutorTask\Crytex.ExecutorTask.csproj", "{80D3FD00-5ADE-4BB0-ADA8-6450346BFC05}"
	ProjectSection(ProjectDependencies) = postProject
		{FC3571DB-2D14-4280-8F07-31599F2A7D5B} = {FC3571DB-2D14-4280-8F07-31599F2A7D5B}
	EndProjectSection
EndProject
Project("{FAE04EC0-301F-11D3-BF4B-00C04F79EFBC}") = "Crytex.ControlApp", "Crytex.ControlApp\Crytex.ControlApp.csproj", "{470E6554-DC90-439B-BEC5-315141EE98AD}"
EndProject
Project("{FAE04EC0-301F-11D3-BF4B-00C04F79EFBC}") = "TaskExecutorConsoleTest", "TaskExecutorConsoleTest\TaskExecutorConsoleTest.csproj", "{9EBC1D31-E1F8-4C3E-B910-2B554EFCAEF1}"
EndProject
Project("{FAE04EC0-301F-11D3-BF4B-00C04F79EFBC}") = "Crytex.Notification", "Crytex.Notification\Crytex.Notification.csproj", "{B7071332-988E-4A1E-82BE-8078A8243460}"
EndProject
Project("{FAE04EC0-301F-11D3-BF4B-00C04F79EFBC}") = "Crytext.HyperVVirtualization", "Crytext.HyperVVirtualization\Crytext.HyperVVirtualization.csproj", "{C5872F6D-676A-4420-B694-D4A7F5F6490B}"
EndProject
Project("{FAE04EC0-301F-11D3-BF4B-00C04F79EFBC}") = "HyperVRemote", "..\hyper-v-virtualization\HyperVRemote\HyperVRemote\HyperVRemote.csproj", "{B955B2C6-0C37-4B95-965D-A1AC5E0CA284}"
EndProject
Project("{FAE04EC0-301F-11D3-BF4B-00C04F79EFBC}") = "VmWareRemote", "..\vmware-virtualization\VmWareRemote\VmWareRemote\VmWareRemote.csproj", "{F2A280DF-098C-474A-9476-253996729571}"
EndProject
Project("{FAE04EC0-301F-11D3-BF4B-00C04F79EFBC}") = "Crytex.Virtualization.Fake", "Crytex.Virtulization.Fake\Crytex.Virtualization.Fake.csproj", "{223A78C7-4B5D-4B67-A135-61930B1D5645}"
EndProject
Project("{FAE04EC0-301F-11D3-BF4B-00C04F79EFBC}") = "Crytex.Virtualization.Base", "..\crytex.virtualization.base\Crytex.Virtualization\Crytex.Virtualization.Base.csproj", "{0C16DD67-E3EB-4B88-AAEC-6784DCFDA318}"
EndProject
Project("{FAE04EC0-301F-11D3-BF4B-00C04F79EFBC}") = "Crytex.Virtualization.HyperV", "..\crytex.virtualization.impl\Crytex.Virtualization.HyperV\Crytex.Virtualization.HyperV.csproj", "{23B93348-0B42-4E97-B86B-0FC5AFB836F7}"
EndProject
Project("{FAE04EC0-301F-11D3-BF4B-00C04F79EFBC}") = "Crytex.Virtualization.VMware", "..\crytex.virtualization.impl\Crytex.Virtualization.VMware\Crytex.Virtualization.VMware.csproj", "{08B6C1A9-5371-45BC-9E3A-960D8627DB83}"
EndProject
Project("{FAE04EC0-301F-11D3-BF4B-00C04F79EFBC}") = "Crytex.Virtualization.ProviderFactory", "Crytex.Virtualization.ProviderFactory\Crytex.Virtualization.ProviderFactory.csproj", "{9E584D98-4035-4DE4-A87D-070E0BC416F4}"
EndProject
Project("{FAE04EC0-301F-11D3-BF4B-00C04F79EFBC}") = "Crytex.GameServers", "..\crytex.gameservers\Crytex.GameServers.csproj", "{8D3FDBA1-8694-4CD7-ABB1-EF7CA3B26298}"
EndProject
Project("{FAE04EC0-301F-11D3-BF4B-00C04F79EFBC}") = "Critex.GameConcole", "..\Crytex.GameServers\Critex.GameConcole\Critex.GameConcole.csproj", "{0CA74DBA-6FEF-4F7D-A881-59177FC2F8A2}"
EndProject
Global
	GlobalSection(SolutionConfigurationPlatforms) = preSolution
		Debug|Any CPU = Debug|Any CPU
		Debug|ARM = Debug|ARM
		Debug|x64 = Debug|x64
		Debug|x86 = Debug|x86
		Release|Any CPU = Release|Any CPU
		Release|ARM = Release|ARM
		Release|x64 = Release|x64
		Release|x86 = Release|x86
	EndGlobalSection
	GlobalSection(ProjectConfigurationPlatforms) = postSolution
		{18B19F4A-6FEE-4C6D-A819-8308049853EF}.Debug|Any CPU.ActiveCfg = Debug|Any CPU
		{18B19F4A-6FEE-4C6D-A819-8308049853EF}.Debug|Any CPU.Build.0 = Debug|Any CPU
		{18B19F4A-6FEE-4C6D-A819-8308049853EF}.Debug|ARM.ActiveCfg = Debug|Any CPU
		{18B19F4A-6FEE-4C6D-A819-8308049853EF}.Debug|x64.ActiveCfg = Debug|Any CPU
		{18B19F4A-6FEE-4C6D-A819-8308049853EF}.Debug|x86.ActiveCfg = Debug|Any CPU
		{18B19F4A-6FEE-4C6D-A819-8308049853EF}.Release|Any CPU.ActiveCfg = Release|Any CPU
		{18B19F4A-6FEE-4C6D-A819-8308049853EF}.Release|Any CPU.Build.0 = Release|Any CPU
		{18B19F4A-6FEE-4C6D-A819-8308049853EF}.Release|ARM.ActiveCfg = Release|Any CPU
		{18B19F4A-6FEE-4C6D-A819-8308049853EF}.Release|x64.ActiveCfg = Release|Any CPU
		{18B19F4A-6FEE-4C6D-A819-8308049853EF}.Release|x86.ActiveCfg = Release|Any CPU
		{0B23B88C-B5FC-42F6-AC62-27725F34487B}.Debug|Any CPU.ActiveCfg = Debug|Any CPU
		{0B23B88C-B5FC-42F6-AC62-27725F34487B}.Debug|Any CPU.Build.0 = Debug|Any CPU
		{0B23B88C-B5FC-42F6-AC62-27725F34487B}.Debug|ARM.ActiveCfg = Debug|Any CPU
		{0B23B88C-B5FC-42F6-AC62-27725F34487B}.Debug|x64.ActiveCfg = Debug|Any CPU
		{0B23B88C-B5FC-42F6-AC62-27725F34487B}.Debug|x86.ActiveCfg = Debug|Any CPU
		{0B23B88C-B5FC-42F6-AC62-27725F34487B}.Release|Any CPU.ActiveCfg = Release|Any CPU
		{0B23B88C-B5FC-42F6-AC62-27725F34487B}.Release|Any CPU.Build.0 = Release|Any CPU
		{0B23B88C-B5FC-42F6-AC62-27725F34487B}.Release|ARM.ActiveCfg = Release|Any CPU
		{0B23B88C-B5FC-42F6-AC62-27725F34487B}.Release|x64.ActiveCfg = Release|Any CPU
		{0B23B88C-B5FC-42F6-AC62-27725F34487B}.Release|x86.ActiveCfg = Release|Any CPU
		{4CAB19D5-AA00-43E1-9450-15F3B8D72AB2}.Debug|Any CPU.ActiveCfg = Debug|Any CPU
		{4CAB19D5-AA00-43E1-9450-15F3B8D72AB2}.Debug|Any CPU.Build.0 = Debug|Any CPU
		{4CAB19D5-AA00-43E1-9450-15F3B8D72AB2}.Debug|ARM.ActiveCfg = Debug|Any CPU
		{4CAB19D5-AA00-43E1-9450-15F3B8D72AB2}.Debug|x64.ActiveCfg = Debug|Any CPU
		{4CAB19D5-AA00-43E1-9450-15F3B8D72AB2}.Debug|x86.ActiveCfg = Debug|Any CPU
		{4CAB19D5-AA00-43E1-9450-15F3B8D72AB2}.Release|Any CPU.ActiveCfg = Release|Any CPU
		{4CAB19D5-AA00-43E1-9450-15F3B8D72AB2}.Release|Any CPU.Build.0 = Release|Any CPU
		{4CAB19D5-AA00-43E1-9450-15F3B8D72AB2}.Release|ARM.ActiveCfg = Release|Any CPU
		{4CAB19D5-AA00-43E1-9450-15F3B8D72AB2}.Release|x64.ActiveCfg = Release|Any CPU
		{4CAB19D5-AA00-43E1-9450-15F3B8D72AB2}.Release|x86.ActiveCfg = Release|Any CPU
		{B9447B72-1742-4AD8-8935-B06A3AE26037}.Debug|Any CPU.ActiveCfg = Debug|Any CPU
		{B9447B72-1742-4AD8-8935-B06A3AE26037}.Debug|Any CPU.Build.0 = Debug|Any CPU
		{B9447B72-1742-4AD8-8935-B06A3AE26037}.Debug|ARM.ActiveCfg = Debug|Any CPU
		{B9447B72-1742-4AD8-8935-B06A3AE26037}.Debug|x64.ActiveCfg = Debug|Any CPU
		{B9447B72-1742-4AD8-8935-B06A3AE26037}.Debug|x86.ActiveCfg = Debug|Any CPU
		{B9447B72-1742-4AD8-8935-B06A3AE26037}.Release|Any CPU.ActiveCfg = Release|Any CPU
		{B9447B72-1742-4AD8-8935-B06A3AE26037}.Release|Any CPU.Build.0 = Release|Any CPU
		{B9447B72-1742-4AD8-8935-B06A3AE26037}.Release|ARM.ActiveCfg = Release|Any CPU
		{B9447B72-1742-4AD8-8935-B06A3AE26037}.Release|x64.ActiveCfg = Release|Any CPU
		{B9447B72-1742-4AD8-8935-B06A3AE26037}.Release|x86.ActiveCfg = Release|Any CPU
		{FC3571DB-2D14-4280-8F07-31599F2A7D5B}.Debug|Any CPU.ActiveCfg = Debug|Any CPU
		{FC3571DB-2D14-4280-8F07-31599F2A7D5B}.Debug|Any CPU.Build.0 = Debug|Any CPU
		{FC3571DB-2D14-4280-8F07-31599F2A7D5B}.Debug|ARM.ActiveCfg = Debug|Any CPU
		{FC3571DB-2D14-4280-8F07-31599F2A7D5B}.Debug|x64.ActiveCfg = Debug|Any CPU
		{FC3571DB-2D14-4280-8F07-31599F2A7D5B}.Debug|x86.ActiveCfg = Debug|Any CPU
		{FC3571DB-2D14-4280-8F07-31599F2A7D5B}.Release|Any CPU.ActiveCfg = Release|Any CPU
		{FC3571DB-2D14-4280-8F07-31599F2A7D5B}.Release|Any CPU.Build.0 = Release|Any CPU
		{FC3571DB-2D14-4280-8F07-31599F2A7D5B}.Release|ARM.ActiveCfg = Release|Any CPU
		{FC3571DB-2D14-4280-8F07-31599F2A7D5B}.Release|x64.ActiveCfg = Release|Any CPU
		{FC3571DB-2D14-4280-8F07-31599F2A7D5B}.Release|x86.ActiveCfg = Release|Any CPU
		{AA1D53C6-5F8B-4A75-ABF3-E72DD053AC7F}.Debug|Any CPU.ActiveCfg = Debug|Any CPU
		{AA1D53C6-5F8B-4A75-ABF3-E72DD053AC7F}.Debug|Any CPU.Build.0 = Debug|Any CPU
		{AA1D53C6-5F8B-4A75-ABF3-E72DD053AC7F}.Debug|ARM.ActiveCfg = Debug|Any CPU
		{AA1D53C6-5F8B-4A75-ABF3-E72DD053AC7F}.Debug|x64.ActiveCfg = Debug|Any CPU
		{AA1D53C6-5F8B-4A75-ABF3-E72DD053AC7F}.Debug|x86.ActiveCfg = Debug|Any CPU
		{AA1D53C6-5F8B-4A75-ABF3-E72DD053AC7F}.Release|Any CPU.ActiveCfg = Release|Any CPU
		{AA1D53C6-5F8B-4A75-ABF3-E72DD053AC7F}.Release|Any CPU.Build.0 = Release|Any CPU
		{AA1D53C6-5F8B-4A75-ABF3-E72DD053AC7F}.Release|ARM.ActiveCfg = Release|Any CPU
		{AA1D53C6-5F8B-4A75-ABF3-E72DD053AC7F}.Release|x64.ActiveCfg = Release|Any CPU
		{AA1D53C6-5F8B-4A75-ABF3-E72DD053AC7F}.Release|x86.ActiveCfg = Release|Any CPU
		{09C73CB9-A4C8-4CA2-AAE7-09E485D6C79A}.Debug|Any CPU.ActiveCfg = Debug|Any CPU
		{09C73CB9-A4C8-4CA2-AAE7-09E485D6C79A}.Debug|ARM.ActiveCfg = Debug|Any CPU
		{09C73CB9-A4C8-4CA2-AAE7-09E485D6C79A}.Debug|x64.ActiveCfg = Debug|Any CPU
		{09C73CB9-A4C8-4CA2-AAE7-09E485D6C79A}.Debug|x86.ActiveCfg = Debug|Any CPU
		{09C73CB9-A4C8-4CA2-AAE7-09E485D6C79A}.Release|Any CPU.ActiveCfg = Release|Any CPU
		{09C73CB9-A4C8-4CA2-AAE7-09E485D6C79A}.Release|Any CPU.Build.0 = Release|Any CPU
		{09C73CB9-A4C8-4CA2-AAE7-09E485D6C79A}.Release|ARM.ActiveCfg = Release|Any CPU
		{09C73CB9-A4C8-4CA2-AAE7-09E485D6C79A}.Release|x64.ActiveCfg = Release|Any CPU
		{09C73CB9-A4C8-4CA2-AAE7-09E485D6C79A}.Release|x86.ActiveCfg = Release|Any CPU
		{A1C6881C-00F5-42A9-9D1D-11AF53807AD4}.Debug|Any CPU.ActiveCfg = Debug|Any CPU
		{A1C6881C-00F5-42A9-9D1D-11AF53807AD4}.Debug|ARM.ActiveCfg = Debug|Any CPU
		{A1C6881C-00F5-42A9-9D1D-11AF53807AD4}.Debug|x64.ActiveCfg = Debug|Any CPU
		{A1C6881C-00F5-42A9-9D1D-11AF53807AD4}.Debug|x86.ActiveCfg = Debug|Any CPU
		{A1C6881C-00F5-42A9-9D1D-11AF53807AD4}.Release|Any CPU.ActiveCfg = Release|Any CPU
		{A1C6881C-00F5-42A9-9D1D-11AF53807AD4}.Release|Any CPU.Build.0 = Release|Any CPU
		{A1C6881C-00F5-42A9-9D1D-11AF53807AD4}.Release|ARM.ActiveCfg = Release|Any CPU
		{A1C6881C-00F5-42A9-9D1D-11AF53807AD4}.Release|x64.ActiveCfg = Release|Any CPU
		{A1C6881C-00F5-42A9-9D1D-11AF53807AD4}.Release|x86.ActiveCfg = Release|Any CPU
		{D58A219A-0A73-447F-99F2-204AD8A5019B}.Debug|Any CPU.ActiveCfg = Debug|Any CPU
		{D58A219A-0A73-447F-99F2-204AD8A5019B}.Debug|Any CPU.Build.0 = Debug|Any CPU
		{D58A219A-0A73-447F-99F2-204AD8A5019B}.Debug|ARM.ActiveCfg = Debug|Any CPU
		{D58A219A-0A73-447F-99F2-204AD8A5019B}.Debug|x64.ActiveCfg = Debug|Any CPU
		{D58A219A-0A73-447F-99F2-204AD8A5019B}.Debug|x86.ActiveCfg = Debug|Any CPU
		{D58A219A-0A73-447F-99F2-204AD8A5019B}.Release|Any CPU.ActiveCfg = Release|Any CPU
		{D58A219A-0A73-447F-99F2-204AD8A5019B}.Release|Any CPU.Build.0 = Release|Any CPU
		{D58A219A-0A73-447F-99F2-204AD8A5019B}.Release|ARM.ActiveCfg = Release|Any CPU
		{D58A219A-0A73-447F-99F2-204AD8A5019B}.Release|x64.ActiveCfg = Release|Any CPU
		{D58A219A-0A73-447F-99F2-204AD8A5019B}.Release|x86.ActiveCfg = Release|Any CPU
		{80D3FD00-5ADE-4BB0-ADA8-6450346BFC05}.Debug|Any CPU.ActiveCfg = Debug|Any CPU
		{80D3FD00-5ADE-4BB0-ADA8-6450346BFC05}.Debug|Any CPU.Build.0 = Debug|Any CPU
		{80D3FD00-5ADE-4BB0-ADA8-6450346BFC05}.Debug|ARM.ActiveCfg = Debug|Any CPU
		{80D3FD00-5ADE-4BB0-ADA8-6450346BFC05}.Debug|x64.ActiveCfg = Debug|Any CPU
		{80D3FD00-5ADE-4BB0-ADA8-6450346BFC05}.Debug|x86.ActiveCfg = Debug|Any CPU
		{80D3FD00-5ADE-4BB0-ADA8-6450346BFC05}.Release|Any CPU.ActiveCfg = Release|Any CPU
		{80D3FD00-5ADE-4BB0-ADA8-6450346BFC05}.Release|Any CPU.Build.0 = Release|Any CPU
		{80D3FD00-5ADE-4BB0-ADA8-6450346BFC05}.Release|ARM.ActiveCfg = Release|Any CPU
		{80D3FD00-5ADE-4BB0-ADA8-6450346BFC05}.Release|x64.ActiveCfg = Release|Any CPU
		{80D3FD00-5ADE-4BB0-ADA8-6450346BFC05}.Release|x86.ActiveCfg = Release|Any CPU
		{470E6554-DC90-439B-BEC5-315141EE98AD}.Debug|Any CPU.ActiveCfg = Debug|Any CPU
		{470E6554-DC90-439B-BEC5-315141EE98AD}.Debug|ARM.ActiveCfg = Debug|Any CPU
		{470E6554-DC90-439B-BEC5-315141EE98AD}.Debug|ARM.Build.0 = Debug|Any CPU
		{470E6554-DC90-439B-BEC5-315141EE98AD}.Debug|x64.ActiveCfg = Debug|Any CPU
		{470E6554-DC90-439B-BEC5-315141EE98AD}.Debug|x64.Build.0 = Debug|Any CPU
		{470E6554-DC90-439B-BEC5-315141EE98AD}.Debug|x86.ActiveCfg = Debug|Any CPU
		{470E6554-DC90-439B-BEC5-315141EE98AD}.Debug|x86.Build.0 = Debug|Any CPU
		{470E6554-DC90-439B-BEC5-315141EE98AD}.Release|Any CPU.ActiveCfg = Release|Any CPU
		{470E6554-DC90-439B-BEC5-315141EE98AD}.Release|Any CPU.Build.0 = Release|Any CPU
		{470E6554-DC90-439B-BEC5-315141EE98AD}.Release|ARM.ActiveCfg = Release|Any CPU
		{470E6554-DC90-439B-BEC5-315141EE98AD}.Release|ARM.Build.0 = Release|Any CPU
		{470E6554-DC90-439B-BEC5-315141EE98AD}.Release|x64.ActiveCfg = Release|Any CPU
		{470E6554-DC90-439B-BEC5-315141EE98AD}.Release|x64.Build.0 = Release|Any CPU
		{470E6554-DC90-439B-BEC5-315141EE98AD}.Release|x86.ActiveCfg = Release|Any CPU
		{470E6554-DC90-439B-BEC5-315141EE98AD}.Release|x86.Build.0 = Release|Any CPU
		{9EBC1D31-E1F8-4C3E-B910-2B554EFCAEF1}.Debug|Any CPU.ActiveCfg = Debug|Any CPU
		{9EBC1D31-E1F8-4C3E-B910-2B554EFCAEF1}.Debug|Any CPU.Build.0 = Debug|Any CPU
		{9EBC1D31-E1F8-4C3E-B910-2B554EFCAEF1}.Debug|ARM.ActiveCfg = Debug|Any CPU
		{9EBC1D31-E1F8-4C3E-B910-2B554EFCAEF1}.Debug|x64.ActiveCfg = Debug|Any CPU
		{9EBC1D31-E1F8-4C3E-B910-2B554EFCAEF1}.Debug|x86.ActiveCfg = Debug|Any CPU
		{9EBC1D31-E1F8-4C3E-B910-2B554EFCAEF1}.Release|Any CPU.ActiveCfg = Release|Any CPU
		{9EBC1D31-E1F8-4C3E-B910-2B554EFCAEF1}.Release|Any CPU.Build.0 = Release|Any CPU
		{9EBC1D31-E1F8-4C3E-B910-2B554EFCAEF1}.Release|ARM.ActiveCfg = Release|Any CPU
		{9EBC1D31-E1F8-4C3E-B910-2B554EFCAEF1}.Release|x64.ActiveCfg = Release|Any CPU
		{9EBC1D31-E1F8-4C3E-B910-2B554EFCAEF1}.Release|x86.ActiveCfg = Release|Any CPU
		{B7071332-988E-4A1E-82BE-8078A8243460}.Debug|Any CPU.ActiveCfg = Debug|Any CPU
		{B7071332-988E-4A1E-82BE-8078A8243460}.Debug|Any CPU.Build.0 = Debug|Any CPU
		{B7071332-988E-4A1E-82BE-8078A8243460}.Debug|ARM.ActiveCfg = Debug|Any CPU
		{B7071332-988E-4A1E-82BE-8078A8243460}.Debug|x64.ActiveCfg = Debug|Any CPU
		{B7071332-988E-4A1E-82BE-8078A8243460}.Debug|x86.ActiveCfg = Debug|Any CPU
		{B7071332-988E-4A1E-82BE-8078A8243460}.Release|Any CPU.ActiveCfg = Release|Any CPU
		{B7071332-988E-4A1E-82BE-8078A8243460}.Release|Any CPU.Build.0 = Release|Any CPU
		{B7071332-988E-4A1E-82BE-8078A8243460}.Release|ARM.ActiveCfg = Release|Any CPU
		{B7071332-988E-4A1E-82BE-8078A8243460}.Release|x64.ActiveCfg = Release|Any CPU
		{B7071332-988E-4A1E-82BE-8078A8243460}.Release|x86.ActiveCfg = Release|Any CPU
		{C5872F6D-676A-4420-B694-D4A7F5F6490B}.Debug|Any CPU.ActiveCfg = Debug|Any CPU
		{C5872F6D-676A-4420-B694-D4A7F5F6490B}.Debug|ARM.ActiveCfg = Debug|Any CPU
		{C5872F6D-676A-4420-B694-D4A7F5F6490B}.Debug|x64.ActiveCfg = Debug|Any CPU
		{C5872F6D-676A-4420-B694-D4A7F5F6490B}.Debug|x86.ActiveCfg = Debug|Any CPU
		{C5872F6D-676A-4420-B694-D4A7F5F6490B}.Release|Any CPU.ActiveCfg = Release|Any CPU
		{C5872F6D-676A-4420-B694-D4A7F5F6490B}.Release|Any CPU.Build.0 = Release|Any CPU
		{C5872F6D-676A-4420-B694-D4A7F5F6490B}.Release|ARM.ActiveCfg = Release|Any CPU
		{C5872F6D-676A-4420-B694-D4A7F5F6490B}.Release|x64.ActiveCfg = Release|Any CPU
		{C5872F6D-676A-4420-B694-D4A7F5F6490B}.Release|x86.ActiveCfg = Release|Any CPU
		{B955B2C6-0C37-4B95-965D-A1AC5E0CA284}.Debug|Any CPU.ActiveCfg = Debug|Any CPU
		{B955B2C6-0C37-4B95-965D-A1AC5E0CA284}.Debug|Any CPU.Build.0 = Debug|Any CPU
		{B955B2C6-0C37-4B95-965D-A1AC5E0CA284}.Debug|ARM.ActiveCfg = Debug|Any CPU
		{B955B2C6-0C37-4B95-965D-A1AC5E0CA284}.Debug|x64.ActiveCfg = Debug|Any CPU
		{B955B2C6-0C37-4B95-965D-A1AC5E0CA284}.Debug|x86.ActiveCfg = Debug|Any CPU
		{B955B2C6-0C37-4B95-965D-A1AC5E0CA284}.Release|Any CPU.ActiveCfg = Release|Any CPU
		{B955B2C6-0C37-4B95-965D-A1AC5E0CA284}.Release|Any CPU.Build.0 = Release|Any CPU
		{B955B2C6-0C37-4B95-965D-A1AC5E0CA284}.Release|ARM.ActiveCfg = Release|Any CPU
		{B955B2C6-0C37-4B95-965D-A1AC5E0CA284}.Release|x64.ActiveCfg = Release|Any CPU
		{B955B2C6-0C37-4B95-965D-A1AC5E0CA284}.Release|x86.ActiveCfg = Release|Any CPU
		{F2A280DF-098C-474A-9476-253996729571}.Debug|Any CPU.ActiveCfg = Debug|Any CPU
		{F2A280DF-098C-474A-9476-253996729571}.Debug|Any CPU.Build.0 = Debug|Any CPU
		{F2A280DF-098C-474A-9476-253996729571}.Debug|ARM.ActiveCfg = Debug|Any CPU
		{F2A280DF-098C-474A-9476-253996729571}.Debug|x64.ActiveCfg = Debug|Any CPU
		{F2A280DF-098C-474A-9476-253996729571}.Debug|x86.ActiveCfg = Debug|Any CPU
		{F2A280DF-098C-474A-9476-253996729571}.Release|Any CPU.ActiveCfg = Release|Any CPU
		{F2A280DF-098C-474A-9476-253996729571}.Release|Any CPU.Build.0 = Release|Any CPU
		{F2A280DF-098C-474A-9476-253996729571}.Release|ARM.ActiveCfg = Release|Any CPU
		{F2A280DF-098C-474A-9476-253996729571}.Release|x64.ActiveCfg = Release|Any CPU
		{F2A280DF-098C-474A-9476-253996729571}.Release|x86.ActiveCfg = Release|Any CPU
		{223A78C7-4B5D-4B67-A135-61930B1D5645}.Debug|Any CPU.ActiveCfg = Debug|Any CPU
		{223A78C7-4B5D-4B67-A135-61930B1D5645}.Debug|Any CPU.Build.0 = Debug|Any CPU
		{223A78C7-4B5D-4B67-A135-61930B1D5645}.Debug|ARM.ActiveCfg = Debug|Any CPU
		{223A78C7-4B5D-4B67-A135-61930B1D5645}.Debug|ARM.Build.0 = Debug|Any CPU
		{223A78C7-4B5D-4B67-A135-61930B1D5645}.Debug|x64.ActiveCfg = Debug|Any CPU
		{223A78C7-4B5D-4B67-A135-61930B1D5645}.Debug|x64.Build.0 = Debug|Any CPU
		{223A78C7-4B5D-4B67-A135-61930B1D5645}.Debug|x86.ActiveCfg = Debug|Any CPU
		{223A78C7-4B5D-4B67-A135-61930B1D5645}.Debug|x86.Build.0 = Debug|Any CPU
		{223A78C7-4B5D-4B67-A135-61930B1D5645}.Release|Any CPU.ActiveCfg = Release|Any CPU
		{223A78C7-4B5D-4B67-A135-61930B1D5645}.Release|Any CPU.Build.0 = Release|Any CPU
		{223A78C7-4B5D-4B67-A135-61930B1D5645}.Release|ARM.ActiveCfg = Release|Any CPU
		{223A78C7-4B5D-4B67-A135-61930B1D5645}.Release|ARM.Build.0 = Release|Any CPU
		{223A78C7-4B5D-4B67-A135-61930B1D5645}.Release|x64.ActiveCfg = Release|Any CPU
		{223A78C7-4B5D-4B67-A135-61930B1D5645}.Release|x64.Build.0 = Release|Any CPU
		{223A78C7-4B5D-4B67-A135-61930B1D5645}.Release|x86.ActiveCfg = Release|Any CPU
		{223A78C7-4B5D-4B67-A135-61930B1D5645}.Release|x86.Build.0 = Release|Any CPU
		{0C16DD67-E3EB-4B88-AAEC-6784DCFDA318}.Debug|Any CPU.ActiveCfg = Debug|Any CPU
		{0C16DD67-E3EB-4B88-AAEC-6784DCFDA318}.Debug|Any CPU.Build.0 = Debug|Any CPU
		{0C16DD67-E3EB-4B88-AAEC-6784DCFDA318}.Debug|ARM.ActiveCfg = Debug|Any CPU
		{0C16DD67-E3EB-4B88-AAEC-6784DCFDA318}.Debug|ARM.Build.0 = Debug|Any CPU
		{0C16DD67-E3EB-4B88-AAEC-6784DCFDA318}.Debug|x64.ActiveCfg = Debug|Any CPU
		{0C16DD67-E3EB-4B88-AAEC-6784DCFDA318}.Debug|x64.Build.0 = Debug|Any CPU
		{0C16DD67-E3EB-4B88-AAEC-6784DCFDA318}.Debug|x86.ActiveCfg = Debug|Any CPU
		{0C16DD67-E3EB-4B88-AAEC-6784DCFDA318}.Debug|x86.Build.0 = Debug|Any CPU
		{0C16DD67-E3EB-4B88-AAEC-6784DCFDA318}.Release|Any CPU.ActiveCfg = Release|Any CPU
		{0C16DD67-E3EB-4B88-AAEC-6784DCFDA318}.Release|Any CPU.Build.0 = Release|Any CPU
		{0C16DD67-E3EB-4B88-AAEC-6784DCFDA318}.Release|ARM.ActiveCfg = Release|Any CPU
		{0C16DD67-E3EB-4B88-AAEC-6784DCFDA318}.Release|ARM.Build.0 = Release|Any CPU
		{0C16DD67-E3EB-4B88-AAEC-6784DCFDA318}.Release|x64.ActiveCfg = Release|Any CPU
		{0C16DD67-E3EB-4B88-AAEC-6784DCFDA318}.Release|x64.Build.0 = Release|Any CPU
		{0C16DD67-E3EB-4B88-AAEC-6784DCFDA318}.Release|x86.ActiveCfg = Release|Any CPU
		{0C16DD67-E3EB-4B88-AAEC-6784DCFDA318}.Release|x86.Build.0 = Release|Any CPU
		{23B93348-0B42-4E97-B86B-0FC5AFB836F7}.Debug|Any CPU.ActiveCfg = Debug|Any CPU
		{23B93348-0B42-4E97-B86B-0FC5AFB836F7}.Debug|Any CPU.Build.0 = Debug|Any CPU
		{23B93348-0B42-4E97-B86B-0FC5AFB836F7}.Debug|ARM.ActiveCfg = Debug|Any CPU
		{23B93348-0B42-4E97-B86B-0FC5AFB836F7}.Debug|ARM.Build.0 = Debug|Any CPU
		{23B93348-0B42-4E97-B86B-0FC5AFB836F7}.Debug|x64.ActiveCfg = Debug|Any CPU
		{23B93348-0B42-4E97-B86B-0FC5AFB836F7}.Debug|x64.Build.0 = Debug|Any CPU
		{23B93348-0B42-4E97-B86B-0FC5AFB836F7}.Debug|x86.ActiveCfg = Debug|Any CPU
		{23B93348-0B42-4E97-B86B-0FC5AFB836F7}.Debug|x86.Build.0 = Debug|Any CPU
		{23B93348-0B42-4E97-B86B-0FC5AFB836F7}.Release|Any CPU.ActiveCfg = Release|Any CPU
		{23B93348-0B42-4E97-B86B-0FC5AFB836F7}.Release|Any CPU.Build.0 = Release|Any CPU
		{23B93348-0B42-4E97-B86B-0FC5AFB836F7}.Release|ARM.ActiveCfg = Release|Any CPU
		{23B93348-0B42-4E97-B86B-0FC5AFB836F7}.Release|ARM.Build.0 = Release|Any CPU
		{23B93348-0B42-4E97-B86B-0FC5AFB836F7}.Release|x64.ActiveCfg = Release|Any CPU
		{23B93348-0B42-4E97-B86B-0FC5AFB836F7}.Release|x64.Build.0 = Release|Any CPU
		{23B93348-0B42-4E97-B86B-0FC5AFB836F7}.Release|x86.ActiveCfg = Release|Any CPU
		{23B93348-0B42-4E97-B86B-0FC5AFB836F7}.Release|x86.Build.0 = Release|Any CPU
		{08B6C1A9-5371-45BC-9E3A-960D8627DB83}.Debug|Any CPU.ActiveCfg = Debug|Any CPU
		{08B6C1A9-5371-45BC-9E3A-960D8627DB83}.Debug|Any CPU.Build.0 = Debug|Any CPU
		{08B6C1A9-5371-45BC-9E3A-960D8627DB83}.Debug|ARM.ActiveCfg = Debug|Any CPU
		{08B6C1A9-5371-45BC-9E3A-960D8627DB83}.Debug|ARM.Build.0 = Debug|Any CPU
		{08B6C1A9-5371-45BC-9E3A-960D8627DB83}.Debug|x64.ActiveCfg = Debug|Any CPU
		{08B6C1A9-5371-45BC-9E3A-960D8627DB83}.Debug|x64.Build.0 = Debug|Any CPU
		{08B6C1A9-5371-45BC-9E3A-960D8627DB83}.Debug|x86.ActiveCfg = Debug|Any CPU
		{08B6C1A9-5371-45BC-9E3A-960D8627DB83}.Debug|x86.Build.0 = Debug|Any CPU
		{08B6C1A9-5371-45BC-9E3A-960D8627DB83}.Release|Any CPU.ActiveCfg = Release|Any CPU
		{08B6C1A9-5371-45BC-9E3A-960D8627DB83}.Release|Any CPU.Build.0 = Release|Any CPU
		{08B6C1A9-5371-45BC-9E3A-960D8627DB83}.Release|ARM.ActiveCfg = Release|Any CPU
		{08B6C1A9-5371-45BC-9E3A-960D8627DB83}.Release|ARM.Build.0 = Release|Any CPU
		{08B6C1A9-5371-45BC-9E3A-960D8627DB83}.Release|x64.ActiveCfg = Release|Any CPU
		{08B6C1A9-5371-45BC-9E3A-960D8627DB83}.Release|x64.Build.0 = Release|Any CPU
		{08B6C1A9-5371-45BC-9E3A-960D8627DB83}.Release|x86.ActiveCfg = Release|Any CPU
		{08B6C1A9-5371-45BC-9E3A-960D8627DB83}.Release|x86.Build.0 = Release|Any CPU
		{9E584D98-4035-4DE4-A87D-070E0BC416F4}.Debug|Any CPU.ActiveCfg = Debug|Any CPU
		{9E584D98-4035-4DE4-A87D-070E0BC416F4}.Debug|Any CPU.Build.0 = Debug|Any CPU
		{9E584D98-4035-4DE4-A87D-070E0BC416F4}.Debug|ARM.ActiveCfg = Debug|Any CPU
		{9E584D98-4035-4DE4-A87D-070E0BC416F4}.Debug|ARM.Build.0 = Debug|Any CPU
		{9E584D98-4035-4DE4-A87D-070E0BC416F4}.Debug|x64.ActiveCfg = Debug|Any CPU
		{9E584D98-4035-4DE4-A87D-070E0BC416F4}.Debug|x64.Build.0 = Debug|Any CPU
		{9E584D98-4035-4DE4-A87D-070E0BC416F4}.Debug|x86.ActiveCfg = Debug|Any CPU
		{9E584D98-4035-4DE4-A87D-070E0BC416F4}.Debug|x86.Build.0 = Debug|Any CPU
		{9E584D98-4035-4DE4-A87D-070E0BC416F4}.Release|Any CPU.ActiveCfg = Release|Any CPU
		{9E584D98-4035-4DE4-A87D-070E0BC416F4}.Release|Any CPU.Build.0 = Release|Any CPU
		{9E584D98-4035-4DE4-A87D-070E0BC416F4}.Release|ARM.ActiveCfg = Release|Any CPU
		{9E584D98-4035-4DE4-A87D-070E0BC416F4}.Release|ARM.Build.0 = Release|Any CPU
		{9E584D98-4035-4DE4-A87D-070E0BC416F4}.Release|x64.ActiveCfg = Release|Any CPU
		{9E584D98-4035-4DE4-A87D-070E0BC416F4}.Release|x64.Build.0 = Release|Any CPU
		{9E584D98-4035-4DE4-A87D-070E0BC416F4}.Release|x86.ActiveCfg = Release|Any CPU
		{9E584D98-4035-4DE4-A87D-070E0BC416F4}.Release|x86.Build.0 = Release|Any CPU
		{8D3FDBA1-8694-4CD7-ABB1-EF7CA3B26298}.Debug|Any CPU.ActiveCfg = Debug|Any CPU
		{8D3FDBA1-8694-4CD7-ABB1-EF7CA3B26298}.Debug|Any CPU.Build.0 = Debug|Any CPU
		{8D3FDBA1-8694-4CD7-ABB1-EF7CA3B26298}.Debug|ARM.ActiveCfg = Debug|Any CPU
		{8D3FDBA1-8694-4CD7-ABB1-EF7CA3B26298}.Debug|ARM.Build.0 = Debug|Any CPU
		{8D3FDBA1-8694-4CD7-ABB1-EF7CA3B26298}.Debug|x64.ActiveCfg = Debug|Any CPU
		{8D3FDBA1-8694-4CD7-ABB1-EF7CA3B26298}.Debug|x64.Build.0 = Debug|Any CPU
		{8D3FDBA1-8694-4CD7-ABB1-EF7CA3B26298}.Debug|x86.ActiveCfg = Debug|Any CPU
		{8D3FDBA1-8694-4CD7-ABB1-EF7CA3B26298}.Debug|x86.Build.0 = Debug|Any CPU
		{8D3FDBA1-8694-4CD7-ABB1-EF7CA3B26298}.Release|Any CPU.ActiveCfg = Release|Any CPU
		{8D3FDBA1-8694-4CD7-ABB1-EF7CA3B26298}.Release|Any CPU.Build.0 = Release|Any CPU
		{8D3FDBA1-8694-4CD7-ABB1-EF7CA3B26298}.Release|ARM.ActiveCfg = Release|Any CPU
		{8D3FDBA1-8694-4CD7-ABB1-EF7CA3B26298}.Release|ARM.Build.0 = Release|Any CPU
		{8D3FDBA1-8694-4CD7-ABB1-EF7CA3B26298}.Release|x64.ActiveCfg = Release|Any CPU
		{8D3FDBA1-8694-4CD7-ABB1-EF7CA3B26298}.Release|x64.Build.0 = Release|Any CPU
		{8D3FDBA1-8694-4CD7-ABB1-EF7CA3B26298}.Release|x86.ActiveCfg = Release|Any CPU
		{8D3FDBA1-8694-4CD7-ABB1-EF7CA3B26298}.Release|x86.Build.0 = Release|Any CPU
		{0CA74DBA-6FEF-4F7D-A881-59177FC2F8A2}.Debug|Any CPU.ActiveCfg = Debug|Any CPU
		{0CA74DBA-6FEF-4F7D-A881-59177FC2F8A2}.Debug|Any CPU.Build.0 = Debug|Any CPU
		{0CA74DBA-6FEF-4F7D-A881-59177FC2F8A2}.Debug|ARM.ActiveCfg = Debug|Any CPU
		{0CA74DBA-6FEF-4F7D-A881-59177FC2F8A2}.Debug|ARM.Build.0 = Debug|Any CPU
		{0CA74DBA-6FEF-4F7D-A881-59177FC2F8A2}.Debug|x64.ActiveCfg = Debug|Any CPU
		{0CA74DBA-6FEF-4F7D-A881-59177FC2F8A2}.Debug|x64.Build.0 = Debug|Any CPU
		{0CA74DBA-6FEF-4F7D-A881-59177FC2F8A2}.Debug|x86.ActiveCfg = Debug|Any CPU
		{0CA74DBA-6FEF-4F7D-A881-59177FC2F8A2}.Debug|x86.Build.0 = Debug|Any CPU
		{0CA74DBA-6FEF-4F7D-A881-59177FC2F8A2}.Release|Any CPU.ActiveCfg = Release|Any CPU
		{0CA74DBA-6FEF-4F7D-A881-59177FC2F8A2}.Release|Any CPU.Build.0 = Release|Any CPU
		{0CA74DBA-6FEF-4F7D-A881-59177FC2F8A2}.Release|ARM.ActiveCfg = Release|Any CPU
		{0CA74DBA-6FEF-4F7D-A881-59177FC2F8A2}.Release|ARM.Build.0 = Release|Any CPU
		{0CA74DBA-6FEF-4F7D-A881-59177FC2F8A2}.Release|x64.ActiveCfg = Release|Any CPU
		{0CA74DBA-6FEF-4F7D-A881-59177FC2F8A2}.Release|x64.Build.0 = Release|Any CPU
		{0CA74DBA-6FEF-4F7D-A881-59177FC2F8A2}.Release|x86.ActiveCfg = Release|Any CPU
		{0CA74DBA-6FEF-4F7D-A881-59177FC2F8A2}.Release|x86.Build.0 = Release|Any CPU
	EndGlobalSection
	GlobalSection(SolutionProperties) = preSolution
		HideSolutionNode = FALSE
	EndGlobalSection
EndGlobal
