Microsoft Visual Studio Solution File, Format Version 12.00
# Visual Studio 2013
VisualStudioVersion = 12.0.31101.0
MinimumVisualStudioVersion = 10.0.40219.1
Project("{FAE04EC0-301F-11D3-BF4B-00C04F79EFBC}") = "Project.Web", "Project.Web\Project.Web.csproj", "{18B19F4A-6FEE-4C6D-A819-8308049853EF}"
EndProject
Project("{FAE04EC0-301F-11D3-BF4B-00C04F79EFBC}") = "Project.Core", "Project.Core\Project.Core.csproj", "{0B23B88C-B5FC-42F6-AC62-27725F34487B}"
EndProject
Project("{FAE04EC0-301F-11D3-BF4B-00C04F79EFBC}") = "Project.Data", "Project.Data\Project.Data.csproj", "{4CAB19D5-AA00-43E1-9450-15F3B8D72AB2}"
EndProject
Project("{FAE04EC0-301F-11D3-BF4B-00C04F79EFBC}") = "Project.Model", "Project.Model\Project.Model.csproj", "{B9447B72-1742-4AD8-8935-B06A3AE26037}"
EndProject
Project("{FAE04EC0-301F-11D3-BF4B-00C04F79EFBC}") = "Project.Service", "Project.Service\Project.Service.csproj", "{FC3571DB-2D14-4280-8F07-31599F2A7D5B}"
EndProject
Project("{FAE04EC0-301F-11D3-BF4B-00C04F79EFBC}") = "Project.Test", "Project.Test\Project.Test.csproj", "{AA1D53C6-5F8B-4A75-ABF3-E72DD053AC7F}"
EndProject
Project("{2150E333-8FDC-42A3-9474-1A3956D46DE8}") = ".nuget", ".nuget", "{5CD6ABF5-B298-4EBD-B640-C07A0FA5B4B2}"
	ProjectSection(SolutionItems) = preProject
		.nuget\NuGet.Config = .nuget\NuGet.Config
		.nuget\NuGet.exe = .nuget\NuGet.exe
		.nuget\NuGet.targets = .nuget\NuGet.targets
	EndProjectSection
EndProject
Global
	GlobalSection(SolutionConfigurationPlatforms) = preSolution
		Debug|Any CPU = Debug|Any CPU
		Release|Any CPU = Release|Any CPU
	EndGlobalSection
	GlobalSection(ProjectConfigurationPlatforms) = postSolution
		{18B19F4A-6FEE-4C6D-A819-8308049853EF}.Debug|Any CPU.ActiveCfg = Debug|Any CPU
		{18B19F4A-6FEE-4C6D-A819-8308049853EF}.Debug|Any CPU.Build.0 = Debug|Any CPU
		{18B19F4A-6FEE-4C6D-A819-8308049853EF}.Release|Any CPU.ActiveCfg = Release|Any CPU
		{18B19F4A-6FEE-4C6D-A819-8308049853EF}.Release|Any CPU.Build.0 = Release|Any CPU
		{0B23B88C-B5FC-42F6-AC62-27725F34487B}.Debug|Any CPU.ActiveCfg = Debug|Any CPU
		{0B23B88C-B5FC-42F6-AC62-27725F34487B}.Debug|Any CPU.Build.0 = Debug|Any CPU
		{0B23B88C-B5FC-42F6-AC62-27725F34487B}.Release|Any CPU.ActiveCfg = Release|Any CPU
		{0B23B88C-B5FC-42F6-AC62-27725F34487B}.Release|Any CPU.Build.0 = Release|Any CPU
		{4CAB19D5-AA00-43E1-9450-15F3B8D72AB2}.Debug|Any CPU.ActiveCfg = Debug|Any CPU
		{4CAB19D5-AA00-43E1-9450-15F3B8D72AB2}.Debug|Any CPU.Build.0 = Debug|Any CPU
		{4CAB19D5-AA00-43E1-9450-15F3B8D72AB2}.Release|Any CPU.ActiveCfg = Release|Any CPU
		{4CAB19D5-AA00-43E1-9450-15F3B8D72AB2}.Release|Any CPU.Build.0 = Release|Any CPU
		{B9447B72-1742-4AD8-8935-B06A3AE26037}.Debug|Any CPU.ActiveCfg = Debug|Any CPU
		{B9447B72-1742-4AD8-8935-B06A3AE26037}.Debug|Any CPU.Build.0 = Debug|Any CPU
		{B9447B72-1742-4AD8-8935-B06A3AE26037}.Release|Any CPU.ActiveCfg = Release|Any CPU
		{B9447B72-1742-4AD8-8935-B06A3AE26037}.Release|Any CPU.Build.0 = Release|Any CPU
		{FC3571DB-2D14-4280-8F07-31599F2A7D5B}.Debug|Any CPU.ActiveCfg = Debug|Any CPU
		{FC3571DB-2D14-4280-8F07-31599F2A7D5B}.Debug|Any CPU.Build.0 = Debug|Any CPU
		{FC3571DB-2D14-4280-8F07-31599F2A7D5B}.Release|Any CPU.ActiveCfg = Release|Any CPU
		{FC3571DB-2D14-4280-8F07-31599F2A7D5B}.Release|Any CPU.Build.0 = Release|Any CPU
		{AA1D53C6-5F8B-4A75-ABF3-E72DD053AC7F}.Debug|Any CPU.ActiveCfg = Debug|Any CPU
		{AA1D53C6-5F8B-4A75-ABF3-E72DD053AC7F}.Debug|Any CPU.Build.0 = Debug|Any CPU
		{AA1D53C6-5F8B-4A75-ABF3-E72DD053AC7F}.Release|Any CPU.ActiveCfg = Release|Any CPU
		{AA1D53C6-5F8B-4A75-ABF3-E72DD053AC7F}.Release|Any CPU.Build.0 = Release|Any CPU
	EndGlobalSection
	GlobalSection(SolutionProperties) = preSolution
		HideSolutionNode = FALSE
	EndGlobalSection
EndGlobal
